
Microsoft Visual Studio Solution File, Format Version 12.00
# Visual Studio Version 16
VisualStudioVersion = 16.0.32510.428
MinimumVisualStudioVersion = 10.0.40219.1
Project("{2150E333-8FDC-42A3-9474-1A3956D46DE8}") = "DAL", "DAL", "{619E2B3D-3C86-45AE-B1DF-0F211D11FAD1}"
EndProject
Project("{2150E333-8FDC-42A3-9474-1A3956D46DE8}") = "BLL", "BLL", "{ADC01849-1ED7-4172-9C32-F98AB1E98996}"
EndProject
Project("{2150E333-8FDC-42A3-9474-1A3956D46DE8}") = "SVC", "SVC", "{67715498-6127-4BDF-B94B-627265058C61}"
EndProject
Project("{2150E333-8FDC-42A3-9474-1A3956D46DE8}") = "SITE", "SITE", "{CBB2E16B-EF7F-4F9E-9156-9A4CCFB301F5}"
EndProject
Project("{FAE04EC0-301F-11D3-BF4B-00C04F79EFBC}") = "BLL", "BLL\BLL.csproj", "{1159FA89-B828-488E-800C-32CE0898661C}"
EndProject
Project("{FAE04EC0-301F-11D3-BF4B-00C04F79EFBC}") = "DAL", "DAL\DAL.csproj", "{D85736FA-7B67-4682-A0C5-5354CC3F7614}"
EndProject
Project("{FAE04EC0-301F-11D3-BF4B-00C04F79EFBC}") = "SVC", "SVC\SVC.csproj", "{1101AAB5-34BE-406C-8699-A7C1BDE16321}"
EndProject
Project("{FAE04EC0-301F-11D3-BF4B-00C04F79EFBC}") = "SITE", "SITE\SITE.csproj", "{4B1BE222-D65A-4DC6-A41F-BD6201D4193A}"
EndProject
Global
	GlobalSection(SolutionConfigurationPlatforms) = preSolution
		Debug|Any CPU = Debug|Any CPU
		Release|Any CPU = Release|Any CPU
	EndGlobalSection
	GlobalSection(ProjectConfigurationPlatforms) = postSolution
		{1159FA89-B828-488E-800C-32CE0898661C}.Debug|Any CPU.ActiveCfg = Debug|Any CPU
		{1159FA89-B828-488E-800C-32CE0898661C}.Debug|Any CPU.Build.0 = Debug|Any CPU
		{1159FA89-B828-488E-800C-32CE0898661C}.Release|Any CPU.ActiveCfg = Release|Any CPU
		{1159FA89-B828-488E-800C-32CE0898661C}.Release|Any CPU.Build.0 = Release|Any CPU
		{D85736FA-7B67-4682-A0C5-5354CC3F7614}.Debug|Any CPU.ActiveCfg = Debug|Any CPU
		{D85736FA-7B67-4682-A0C5-5354CC3F7614}.Debug|Any CPU.Build.0 = Debug|Any CPU
		{D85736FA-7B67-4682-A0C5-5354CC3F7614}.Release|Any CPU.ActiveCfg = Release|Any CPU
		{D85736FA-7B67-4682-A0C5-5354CC3F7614}.Release|Any CPU.Build.0 = Release|Any CPU
		{1101AAB5-34BE-406C-8699-A7C1BDE16321}.Debug|Any CPU.ActiveCfg = Debug|Any CPU
		{1101AAB5-34BE-406C-8699-A7C1BDE16321}.Debug|Any CPU.Build.0 = Debug|Any CPU
		{1101AAB5-34BE-406C-8699-A7C1BDE16321}.Release|Any CPU.ActiveCfg = Release|Any CPU
		{1101AAB5-34BE-406C-8699-A7C1BDE16321}.Release|Any CPU.Build.0 = Release|Any CPU
		{4B1BE222-D65A-4DC6-A41F-BD6201D4193A}.Debug|Any CPU.ActiveCfg = Debug|Any CPU
		{4B1BE222-D65A-4DC6-A41F-BD6201D4193A}.Debug|Any CPU.Build.0 = Debug|Any CPU
		{4B1BE222-D65A-4DC6-A41F-BD6201D4193A}.Release|Any CPU.ActiveCfg = Release|Any CPU
		{4B1BE222-D65A-4DC6-A41F-BD6201D4193A}.Release|Any CPU.Build.0 = Release|Any CPU
	EndGlobalSection
	GlobalSection(SolutionProperties) = preSolution
		HideSolutionNode = FALSE
	EndGlobalSection
	GlobalSection(NestedProjects) = preSolution
		{1159FA89-B828-488E-800C-32CE0898661C} = {ADC01849-1ED7-4172-9C32-F98AB1E98996}
		{D85736FA-7B67-4682-A0C5-5354CC3F7614} = {619E2B3D-3C86-45AE-B1DF-0F211D11FAD1}
		{1101AAB5-34BE-406C-8699-A7C1BDE16321} = {67715498-6127-4BDF-B94B-627265058C61}
		{4B1BE222-D65A-4DC6-A41F-BD6201D4193A} = {CBB2E16B-EF7F-4F9E-9156-9A4CCFB301F5}
	EndGlobalSection
	GlobalSection(ExtensibilityGlobals) = postSolution
		SolutionGuid = {8D3539EF-06F2-42A9-8A9B-873A54BA5C7E}
	EndGlobalSection
EndGlobal
